# generated by rye
# use `rye lock` or `rye sync` to update this lockfile
#
# last locked with the following flags:
#   pre: false
#   features: []
#   all-features: false
#   with-sources: false
#   generate-hashes: false

agate==1.9.1
    # via dbt-adapters
    # via dbt-common
    # via dbt-core
alembic==1.13.2
    # via dagster
annotated-types==0.7.0
    # via pydantic
attrs==24.2.0
    # via jsonschema
    # via referencing
babel==2.16.0
    # via agate
certifi==2024.7.4
    # via requests
charset-normalizer==3.3.2
    # via requests
click==8.1.7
    # via dagster
    # via dbt-core
    # via dbt-semantic-interfaces
    # via typer
colorama==0.4.6
    # via dbt-common
coloredlogs==14.0
    # via dagster
croniter==3.0.3
    # via dagster
daff==1.3.46
    # via dbt-core
dagster==1.8.1
    # via dagster-dbt
dagster-dbt==0.24.1
dagster-pipes==1.8.1
    # via dagster
dbt-adapters==1.4.1
    # via dbt-core
    # via dbt-duckdb
dbt-common==1.7.0
    # via dbt-adapters
    # via dbt-core
    # via dbt-duckdb
dbt-core==1.8.5
    # via dagster-dbt
    # via dbt-duckdb
dbt-duckdb==1.8.2
dbt-extractor==0.5.1
    # via dbt-core
dbt-semantic-interfaces==0.5.1
    # via dbt-core
deepdiff==7.0.1
    # via dbt-common
docstring-parser==0.16
    # via dagster
duckdb==1.0.0
    # via dbt-duckdb
filelock==3.15.4
    # via dagster
fsspec==2024.6.1
    # via universal-pathlib
greenlet==3.0.3
    # via sqlalchemy
grpcio==1.64.3
    # via dagster
    # via grpcio-health-checking
grpcio-health-checking==1.62.3
    # via dagster
humanfriendly==10.0
    # via coloredlogs
idna==3.7
    # via requests
importlib-metadata==6.11.0
    # via dbt-semantic-interfaces
isodate==0.6.1
    # via agate
    # via dbt-common
jinja2==3.1.4
    # via dagster
    # via dagster-dbt
    # via dbt-common
    # via dbt-core
    # via dbt-semantic-interfaces
jsonschema==4.23.0
    # via dbt-common
    # via dbt-semantic-interfaces
jsonschema-specifications==2023.12.1
    # via jsonschema
leather==0.4.0
    # via agate
logbook==1.5.3
    # via dbt-core
mako==1.3.5
    # via alembic
markdown-it-py==3.0.0
    # via rich
markupsafe==2.1.5
    # via jinja2
    # via mako
mashumaro==3.13.1
    # via dbt-adapters
    # via dbt-common
    # via dbt-core
mdurl==0.1.2
    # via markdown-it-py
minimal-snowplow-tracker==0.0.2
    # via dbt-core
more-itertools==10.4.0
    # via dbt-semantic-interfaces
msgpack==1.0.8
    # via mashumaro
networkx==3.3
    # via dagster-dbt
    # via dbt-core
ordered-set==4.1.0
    # via deepdiff
orjson==3.10.7
    # via dagster-dbt
packaging==24.1
    # via dagster
    # via dagster-dbt
    # via dbt-core
parsedatetime==2.6
    # via agate
pathspec==0.12.1
    # via dbt-common
    # via dbt-core
protobuf==4.25.4
    # via dagster
    # via dbt-adapters
    # via dbt-common
    # via dbt-core
    # via grpcio-health-checking
pydantic==2.8.2
    # via dagster
    # via dbt-semantic-interfaces
pydantic-core==2.20.1
    # via pydantic
pygments==2.18.0
    # via rich
python-dateutil==2.9.0.post0
    # via croniter
    # via dbt-common
    # via dbt-semantic-interfaces
python-dotenv==1.0.1
    # via dagster
python-slugify==8.0.4
    # via agate
pytimeparse==1.1.8
    # via agate
pytz==2024.1
    # via croniter
    # via dagster
    # via dbt-adapters
    # via dbt-core
pyyaml==6.0.2
    # via dagster
    # via dbt-core
    # via dbt-semantic-interfaces
referencing==0.35.1
    # via jsonschema
    # via jsonschema-specifications
requests==2.32.3
    # via dagster
    # via dagster-dbt
    # via dbt-common
    # via dbt-core
    # via minimal-snowplow-tracker
rich==13.7.1
    # via dagster
    # via dagster-dbt
    # via typer
rpds-py==0.20.0
    # via jsonschema
    # via referencing
setuptools==72.2.0
    # via dagster
shellingham==1.5.4
    # via typer
six==1.16.0
    # via isodate
    # via minimal-snowplow-tracker
    # via python-dateutil
sqlalchemy==2.0.32
    # via alembic
    # via dagster
sqlglot==25.12.0
    # via dagster-dbt
sqlglotrs==0.2.8
    # via sqlglot
sqlparse==0.5.1
    # via dbt-core
structlog==24.4.0
    # via dagster
tabulate==0.9.0
    # via dagster
text-unidecode==1.3
    # via python-slugify
tomli==2.0.1
    # via dagster
toposort==1.10
    # via dagster
tqdm==4.66.5
    # via dagster
typer==0.12.3
    # via dagster-dbt
typing-extensions==4.12.2
    # via alembic
    # via dagster
    # via dbt-adapters
    # via dbt-common
    # via dbt-core
    # via dbt-semantic-interfaces
    # via mashumaro
    # via pydantic
    # via pydantic-core
    # via sqlalchemy
    # via typer
universal-pathlib==0.2.2
    # via dagster
urllib3==2.2.2
    # via requests
watchdog==4.0.2
    # via dagster
zipp==3.20.0
    # via importlib-metadata
